
Microsoft Visual Studio Solution File, Format Version 12.00
Project("{FAE04EC0-301F-11D3-BF4B-00C04F79EFBC}") = "Mapping", "Mapping\Mapping.csproj", "{58B43953-6095-4699-BD2B-EDB1B6C1173B}"
EndProject
Global
	GlobalSection(SolutionConfigurationPlatforms) = preSolution
		Debug|Any CPU = Debug|Any CPU
		Release|Any CPU = Release|Any CPU
	EndGlobalSection
	GlobalSection(ProjectConfigurationPlatforms) = postSolution
		{58B43953-6095-4699-BD2B-EDB1B6C1173B}.Debug|Any CPU.ActiveCfg = Debug|Any CPU
		{58B43953-6095-4699-BD2B-EDB1B6C1173B}.Debug|Any CPU.Build.0 = Debug|Any CPU
		{58B43953-6095-4699-BD2B-EDB1B6C1173B}.Release|Any CPU.ActiveCfg = Release|Any CPU
		{58B43953-6095-4699-BD2B-EDB1B6C1173B}.Release|Any CPU.Build.0 = Release|Any CPU
	EndGlobalSection
EndGlobal
